// !$*UTF8*$!
{
	archiveVersion = 1;
	classes = {
	};
	objectVersion = 50;
	objects = {

/* Begin PBXBuildFile section */
		C1224C5923660E0D007CDE22 /* AppDelegate.swift in Sources */ = {isa = PBXBuildFile; fileRef = C1224C5823660E0D007CDE22 /* AppDelegate.swift */; };
		C1224C5B23660E0D007CDE22 /* SceneDelegate.swift in Sources */ = {isa = PBXBuildFile; fileRef = C1224C5A23660E0D007CDE22 /* SceneDelegate.swift */; };
		C1224C5D23660E0D007CDE22 /* ContentView.swift in Sources */ = {isa = PBXBuildFile; fileRef = C1224C5C23660E0D007CDE22 /* ContentView.swift */; };
		C1224C5F23660E2B007CDE22 /* Assets.xcassets in Resources */ = {isa = PBXBuildFile; fileRef = C1224C5E23660E2B007CDE22 /* Assets.xcassets */; };
		C1224C6223660E2B007CDE22 /* Preview Assets.xcassets in Resources */ = {isa = PBXBuildFile; fileRef = C1224C6123660E2B007CDE22 /* Preview Assets.xcassets */; };
		C1224C6523660E2B007CDE22 /* LaunchScreen.storyboard in Resources */ = {isa = PBXBuildFile; fileRef = C1224C6323660E2B007CDE22 /* LaunchScreen.storyboard */; };
		C1224C7023660E30007CDE22 /* iDineTests.swift in Sources */ = {isa = PBXBuildFile; fileRef = C1224C6F23660E30007CDE22 /* iDineTests.swift */; };
		C1224C7B23660E30007CDE22 /* iDineUITests.swift in Sources */ = {isa = PBXBuildFile; fileRef = C1224C7A23660E30007CDE22 /* iDineUITests.swift */; };
		C1224C8923660E6A007CDE22 /* Helper.swift in Sources */ = {isa = PBXBuildFile; fileRef = C1224C8823660E6A007CDE22 /* Helper.swift */; };
		C1224C8C23660F40007CDE22 /* Menu.swift in Sources */ = {isa = PBXBuildFile; fileRef = C1224C8A23660F40007CDE22 /* Menu.swift */; };
		C1224C8D23660F40007CDE22 /* Order.swift in Sources */ = {isa = PBXBuildFile; fileRef = C1224C8B23660F40007CDE22 /* Order.swift */; };
		C1224C8F236614A4007CDE22 /* menu.json in Resources */ = {isa = PBXBuildFile; fileRef = C1224C8E236614A4007CDE22 /* menu.json */; };
		C1E20F64236EA0E60035CD3D /* ItemRow.swift in Sources */ = {isa = PBXBuildFile; fileRef = C1E20F63236EA0E60035CD3D /* ItemRow.swift */; };
/* End PBXBuildFile section */

/* Begin PBXContainerItemProxy section */
		C1224C6C23660E30007CDE22 /* PBXContainerItemProxy */ = {
			isa = PBXContainerItemProxy;
			containerPortal = C1224C4D23660E0D007CDE22 /* Project object */;
			proxyType = 1;
			remoteGlobalIDString = C1224C5423660E0D007CDE22;
			remoteInfo = iDine;
		};
		C1224C7723660E30007CDE22 /* PBXContainerItemProxy */ = {
			isa = PBXContainerItemProxy;
			containerPortal = C1224C4D23660E0D007CDE22 /* Project object */;
			proxyType = 1;
			remoteGlobalIDString = C1224C5423660E0D007CDE22;
			remoteInfo = iDine;
		};
/* End PBXContainerItemProxy section */

/* Begin PBXFileReference section */
		C1224C5523660E0D007CDE22 /* iDine.app */ = {isa = PBXFileReference; explicitFileType = wrapper.application; includeInIndex = 0; path = iDine.app; sourceTree = BUILT_PRODUCTS_DIR; };
		C1224C5823660E0D007CDE22 /* AppDelegate.swift */ = {isa = PBXFileReference; lastKnownFileType = sourcecode.swift; path = AppDelegate.swift; sourceTree = "<group>"; };
		C1224C5A23660E0D007CDE22 /* SceneDelegate.swift */ = {isa = PBXFileReference; lastKnownFileType = sourcecode.swift; path = SceneDelegate.swift; sourceTree = "<group>"; };
		C1224C5C23660E0D007CDE22 /* ContentView.swift */ = {isa = PBXFileReference; lastKnownFileType = sourcecode.swift; path = ContentView.swift; sourceTree = "<group>"; };
		C1224C5E23660E2B007CDE22 /* Assets.xcassets */ = {isa = PBXFileReference; lastKnownFileType = folder.assetcatalog; path = Assets.xcassets; sourceTree = "<group>"; };
		C1224C6123660E2B007CDE22 /* Preview Assets.xcassets */ = {isa = PBXFileReference; lastKnownFileType = folder.assetcatalog; path = "Preview Assets.xcassets"; sourceTree = "<group>"; };
		C1224C6423660E2B007CDE22 /* Base */ = {isa = PBXFileReference; lastKnownFileType = file.storyboard; name = Base; path = Base.lproj/LaunchScreen.storyboard; sourceTree = "<group>"; };
		C1224C6623660E2B007CDE22 /* Info.plist */ = {isa = PBXFileReference; lastKnownFileType = text.plist.xml; path = Info.plist; sourceTree = "<group>"; };
		C1224C6B23660E30007CDE22 /* iDineTests.xctest */ = {isa = PBXFileReference; explicitFileType = wrapper.cfbundle; includeInIndex = 0; path = iDineTests.xctest; sourceTree = BUILT_PRODUCTS_DIR; };
		C1224C6F23660E30007CDE22 /* iDineTests.swift */ = {isa = PBXFileReference; lastKnownFileType = sourcecode.swift; path = iDineTests.swift; sourceTree = "<group>"; };
		C1224C7123660E30007CDE22 /* Info.plist */ = {isa = PBXFileReference; lastKnownFileType = text.plist.xml; path = Info.plist; sourceTree = "<group>"; };
		C1224C7623660E30007CDE22 /* iDineUITests.xctest */ = {isa = PBXFileReference; explicitFileType = wrapper.cfbundle; includeInIndex = 0; path = iDineUITests.xctest; sourceTree = BUILT_PRODUCTS_DIR; };
		C1224C7A23660E30007CDE22 /* iDineUITests.swift */ = {isa = PBXFileReference; lastKnownFileType = sourcecode.swift; path = iDineUITests.swift; sourceTree = "<group>"; };
		C1224C7C23660E30007CDE22 /* Info.plist */ = {isa = PBXFileReference; lastKnownFileType = text.plist.xml; path = Info.plist; sourceTree = "<group>"; };
		C1224C8823660E6A007CDE22 /* Helper.swift */ = {isa = PBXFileReference; fileEncoding = 4; lastKnownFileType = sourcecode.swift; path = Helper.swift; sourceTree = "<group>"; };
		C1224C8A23660F40007CDE22 /* Menu.swift */ = {isa = PBXFileReference; fileEncoding = 4; lastKnownFileType = sourcecode.swift; path = Menu.swift; sourceTree = "<group>"; };
		C1224C8B23660F40007CDE22 /* Order.swift */ = {isa = PBXFileReference; fileEncoding = 4; lastKnownFileType = sourcecode.swift; path = Order.swift; sourceTree = "<group>"; };
		C1224C8E236614A4007CDE22 /* menu.json */ = {isa = PBXFileReference; fileEncoding = 4; lastKnownFileType = text.json; path = menu.json; sourceTree = "<group>"; };
		C1E20F63236EA0E60035CD3D /* ItemRow.swift */ = {isa = PBXFileReference; lastKnownFileType = sourcecode.swift; path = ItemRow.swift; sourceTree = "<group>"; };
/* End PBXFileReference section */

/* Begin PBXFrameworksBuildPhase section */
		C1224C5223660E0D007CDE22 /* Frameworks */ = {
			isa = PBXFrameworksBuildPhase;
			buildActionMask = 2147483647;
			files = (
			);
			runOnlyForDeploymentPostprocessing = 0;
		};
		C1224C6823660E30007CDE22 /* Frameworks */ = {
			isa = PBXFrameworksBuildPhase;
			buildActionMask = 2147483647;
			files = (
			);
			runOnlyForDeploymentPostprocessing = 0;
		};
		C1224C7323660E30007CDE22 /* Frameworks */ = {
			isa = PBXFrameworksBuildPhase;
			buildActionMask = 2147483647;
			files = (
			);
			runOnlyForDeploymentPostprocessing = 0;
		};
/* End PBXFrameworksBuildPhase section */

/* Begin PBXGroup section */
		C1224C4C23660E0D007CDE22 = {
			isa = PBXGroup;
			children = (
				C1224C5723660E0D007CDE22 /* iDine */,
				C1224C6E23660E30007CDE22 /* iDineTests */,
				C1224C7923660E30007CDE22 /* iDineUITests */,
				C1224C5623660E0D007CDE22 /* Products */,
			);
			sourceTree = "<group>";
		};
		C1224C5623660E0D007CDE22 /* Products */ = {
			isa = PBXGroup;
			children = (
				C1224C5523660E0D007CDE22 /* iDine.app */,
				C1224C6B23660E30007CDE22 /* iDineTests.xctest */,
				C1224C7623660E30007CDE22 /* iDineUITests.xctest */,
			);
			name = Products;
			sourceTree = "<group>";
		};
		C1224C5723660E0D007CDE22 /* iDine */ = {
			isa = PBXGroup;
			children = (
				C1E20F63236EA0E60035CD3D /* ItemRow.swift */,
				C1224C5823660E0D007CDE22 /* AppDelegate.swift */,
				C1224C5A23660E0D007CDE22 /* SceneDelegate.swift */,
				C1224C8823660E6A007CDE22 /* Helper.swift */,
				C1224C8A23660F40007CDE22 /* Menu.swift */,
				C1224C8B23660F40007CDE22 /* Order.swift */,
				C1224C5C23660E0D007CDE22 /* ContentView.swift */,
				C1224C5E23660E2B007CDE22 /* Assets.xcassets */,
				C1224C6323660E2B007CDE22 /* LaunchScreen.storyboard */,
				C1224C8E236614A4007CDE22 /* menu.json */,
				C1224C6623660E2B007CDE22 /* Info.plist */,
				C1224C6023660E2B007CDE22 /* Preview Content */,
			);
			path = iDine;
			sourceTree = "<group>";
		};
		C1224C6023660E2B007CDE22 /* Preview Content */ = {
			isa = PBXGroup;
			children = (
				C1224C6123660E2B007CDE22 /* Preview Assets.xcassets */,
			);
			path = "Preview Content";
			sourceTree = "<group>";
		};
		C1224C6E23660E30007CDE22 /* iDineTests */ = {
			isa = PBXGroup;
			children = (
				C1224C6F23660E30007CDE22 /* iDineTests.swift */,
				C1224C7123660E30007CDE22 /* Info.plist */,
			);
			path = iDineTests;
			sourceTree = "<group>";
		};
		C1224C7923660E30007CDE22 /* iDineUITests */ = {
			isa = PBXGroup;
			children = (
				C1224C7A23660E30007CDE22 /* iDineUITests.swift */,
				C1224C7C23660E30007CDE22 /* Info.plist */,
			);
			path = iDineUITests;
			sourceTree = "<group>";
		};
/* End PBXGroup section */

/* Begin PBXNativeTarget section */
		C1224C5423660E0D007CDE22 /* iDine */ = {
			isa = PBXNativeTarget;
			buildConfigurationList = C1224C7F23660E30007CDE22 /* Build configuration list for PBXNativeTarget "iDine" */;
			buildPhases = (
				C1224C5123660E0D007CDE22 /* Sources */,
				C1224C5223660E0D007CDE22 /* Frameworks */,
				C1224C5323660E0D007CDE22 /* Resources */,
			);
			buildRules = (
			);
			dependencies = (
			);
			name = iDine;
			productName = iDine;
			productReference = C1224C5523660E0D007CDE22 /* iDine.app */;
			productType = "com.apple.product-type.application";
		};
		C1224C6A23660E30007CDE22 /* iDineTests */ = {
			isa = PBXNativeTarget;
			buildConfigurationList = C1224C8223660E30007CDE22 /* Build configuration list for PBXNativeTarget "iDineTests" */;
			buildPhases = (
				C1224C6723660E30007CDE22 /* Sources */,
				C1224C6823660E30007CDE22 /* Frameworks */,
				C1224C6923660E30007CDE22 /* Resources */,
			);
			buildRules = (
			);
			dependencies = (
				C1224C6D23660E30007CDE22 /* PBXTargetDependency */,
			);
			name = iDineTests;
			productName = iDineTests;
			productReference = C1224C6B23660E30007CDE22 /* iDineTests.xctest */;
			productType = "com.apple.product-type.bundle.unit-test";
		};
		C1224C7523660E30007CDE22 /* iDineUITests */ = {
			isa = PBXNativeTarget;
			buildConfigurationList = C1224C8523660E30007CDE22 /* Build configuration list for PBXNativeTarget "iDineUITests" */;
			buildPhases = (
				C1224C7223660E30007CDE22 /* Sources */,
				C1224C7323660E30007CDE22 /* Frameworks */,
				C1224C7423660E30007CDE22 /* Resources */,
			);
			buildRules = (
			);
			dependencies = (
				C1224C7823660E30007CDE22 /* PBXTargetDependency */,
			);
			name = iDineUITests;
			productName = iDineUITests;
			productReference = C1224C7623660E30007CDE22 /* iDineUITests.xctest */;
			productType = "com.apple.product-type.bundle.ui-testing";
		};
/* End PBXNativeTarget section */

/* Begin PBXProject section */
		C1224C4D23660E0D007CDE22 /* Project object */ = {
			isa = PBXProject;
			attributes = {
				LastSwiftUpdateCheck = 1110;
				LastUpgradeCheck = 1110;
				ORGANIZATIONNAME = "Vadim Fedoseev";
				TargetAttributes = {
					C1224C5423660E0D007CDE22 = {
						CreatedOnToolsVersion = 11.1;
					};
					C1224C6A23660E30007CDE22 = {
						CreatedOnToolsVersion = 11.1;
						TestTargetID = C1224C5423660E0D007CDE22;
					};
					C1224C7523660E30007CDE22 = {
						CreatedOnToolsVersion = 11.1;
						TestTargetID = C1224C5423660E0D007CDE22;
					};
				};
			};
			buildConfigurationList = C1224C5023660E0D007CDE22 /* Build configuration list for PBXProject "iDine" */;
			compatibilityVersion = "Xcode 9.3";
			developmentRegion = en;
			hasScannedForEncodings = 0;
			knownRegions = (
				en,
				Base,
			);
			mainGroup = C1224C4C23660E0D007CDE22;
			productRefGroup = C1224C5623660E0D007CDE22 /* Products */;
			projectDirPath = "";
			projectRoot = "";
			targets = (
				C1224C5423660E0D007CDE22 /* iDine */,
				C1224C6A23660E30007CDE22 /* iDineTests */,
				C1224C7523660E30007CDE22 /* iDineUITests */,
			);
		};
/* End PBXProject section */

/* Begin PBXResourcesBuildPhase section */
		C1224C5323660E0D007CDE22 /* Resources */ = {
			isa = PBXResourcesBuildPhase;
			buildActionMask = 2147483647;
			files = (
				C1224C6523660E2B007CDE22 /* LaunchScreen.storyboard in Resources */,
				C1224C6223660E2B007CDE22 /* Preview Assets.xcassets in Resources */,
				C1224C8F236614A4007CDE22 /* menu.json in Resources */,
				C1224C5F23660E2B007CDE22 /* Assets.xcassets in Resources */,
			);
			runOnlyForDeploymentPostprocessing = 0;
		};
		C1224C6923660E30007CDE22 /* Resources */ = {
			isa = PBXResourcesBuildPhase;
			buildActionMask = 2147483647;
			files = (
			);
			runOnlyForDeploymentPostprocessing = 0;
		};
		C1224C7423660E30007CDE22 /* Resources */ = {
			isa = PBXResourcesBuildPhase;
			buildActionMask = 2147483647;
			files = (
			);
			runOnlyForDeploymentPostprocessing = 0;
		};
/* End PBXResourcesBuildPhase section */

/* Begin PBXSourcesBuildPhase section */
		C1224C5123660E0D007CDE22 /* Sources */ = {
			isa = PBXSourcesBuildPhase;
			buildActionMask = 2147483647;
			files = (
				C1224C8D23660F40007CDE22 /* Order.swift in Sources */,
				C1224C5923660E0D007CDE22 /* AppDelegate.swift in Sources */,
				C1224C5B23660E0D007CDE22 /* SceneDelegate.swift in Sources */,
				C1E20F64236EA0E60035CD3D /* ItemRow.swift in Sources */,
				C1224C5D23660E0D007CDE22 /* ContentView.swift in Sources */,
				C1224C8923660E6A007CDE22 /* Helper.swift in Sources */,
				C1224C8C23660F40007CDE22 /* Menu.swift in Sources */,
			);
			runOnlyForDeploymentPostprocessing = 0;
		};
		C1224C6723660E30007CDE22 /* Sources */ = {
			isa = PBXSourcesBuildPhase;
			buildActionMask = 2147483647;
			files = (
				C1224C7023660E30007CDE22 /* iDineTests.swift in Sources */,
			);
			runOnlyForDeploymentPostprocessing = 0;
		};
		C1224C7223660E30007CDE22 /* Sources */ = {
			isa = PBXSourcesBuildPhase;
			buildActionMask = 2147483647;
			files = (
				C1224C7B23660E30007CDE22 /* iDineUITests.swift in Sources */,
			);
			runOnlyForDeploymentPostprocessing = 0;
		};
/* End PBXSourcesBuildPhase section */

/* Begin PBXTargetDependency section */
		C1224C6D23660E30007CDE22 /* PBXTargetDependency */ = {
			isa = PBXTargetDependency;
			target = C1224C5423660E0D007CDE22 /* iDine */;
			targetProxy = C1224C6C23660E30007CDE22 /* PBXContainerItemProxy */;
		};
		C1224C7823660E30007CDE22 /* PBXTargetDependency */ = {
			isa = PBXTargetDependency;
			target = C1224C5423660E0D007CDE22 /* iDine */;
			targetProxy = C1224C7723660E30007CDE22 /* PBXContainerItemProxy */;
		};
/* End PBXTargetDependency section */

/* Begin PBXVariantGroup section */
		C1224C6323660E2B007CDE22 /* LaunchScreen.storyboard */ = {
			isa = PBXVariantGroup;
			children = (
				C1224C6423660E2B007CDE22 /* Base */,
			);
			name = LaunchScreen.storyboard;
			sourceTree = "<group>";
		};
/* End PBXVariantGroup section */

/* Begin XCBuildConfiguration section */
		C1224C7D23660E30007CDE22 /* Debug */ = {
			isa = XCBuildConfiguration;
			buildSettings = {
				ALWAYS_SEARCH_USER_PATHS = NO;
				CLANG_ANALYZER_NONNULL = YES;
				CLANG_ANALYZER_NUMBER_OBJECT_CONVERSION = YES_AGGRESSIVE;
				CLANG_CXX_LANGUAGE_STANDARD = "gnu++14";
				CLANG_CXX_LIBRARY = "libc++";
				CLANG_ENABLE_MODULES = YES;
				CLANG_ENABLE_OBJC_ARC = YES;
				CLANG_ENABLE_OBJC_WEAK = YES;
				CLANG_WARN_BLOCK_CAPTURE_AUTORELEASING = YES;
				CLANG_WARN_BOOL_CONVERSION = YES;
				CLANG_WARN_COMMA = YES;
				CLANG_WARN_CONSTANT_CONVERSION = YES;
				CLANG_WARN_DEPRECATED_OBJC_IMPLEMENTATIONS = YES;
				CLANG_WARN_DIRECT_OBJC_ISA_USAGE = YES_ERROR;
				CLANG_WARN_DOCUMENTATION_COMMENTS = YES;
				CLANG_WARN_EMPTY_BODY = YES;
				CLANG_WARN_ENUM_CONVERSION = YES;
				CLANG_WARN_INFINITE_RECURSION = YES;
				CLANG_WARN_INT_CONVERSION = YES;
				CLANG_WARN_NON_LITERAL_NULL_CONVERSION = YES;
				CLANG_WARN_OBJC_IMPLICIT_RETAIN_SELF = YES;
				CLANG_WARN_OBJC_LITERAL_CONVERSION = YES;
				CLANG_WARN_OBJC_ROOT_CLASS = YES_ERROR;
				CLANG_WARN_RANGE_LOOP_ANALYSIS = YES;
				CLANG_WARN_STRICT_PROTOTYPES = YES;
				CLANG_WARN_SUSPICIOUS_MOVE = YES;
				CLANG_WARN_UNGUARDED_AVAILABILITY = YES_AGGRESSIVE;
				CLANG_WARN_UNREACHABLE_CODE = YES;
				CLANG_WARN__DUPLICATE_METHOD_MATCH = YES;
				COPY_PHASE_STRIP = NO;
				DEBUG_INFORMATION_FORMAT = dwarf;
				ENABLE_STRICT_OBJC_MSGSEND = YES;
				ENABLE_TESTABILITY = YES;
				GCC_C_LANGUAGE_STANDARD = gnu11;
				GCC_DYNAMIC_NO_PIC = NO;
				GCC_NO_COMMON_BLOCKS = YES;
				GCC_OPTIMIZATION_LEVEL = 0;
				GCC_PREPROCESSOR_DEFINITIONS = (
					"DEBUG=1",
					"$(inherited)",
				);
				GCC_WARN_64_TO_32_BIT_CONVERSION = YES;
				GCC_WARN_ABOUT_RETURN_TYPE = YES_ERROR;
				GCC_WARN_UNDECLARED_SELECTOR = YES;
				GCC_WARN_UNINITIALIZED_AUTOS = YES_AGGRESSIVE;
				GCC_WARN_UNUSED_FUNCTION = YES;
				GCC_WARN_UNUSED_VARIABLE = YES;
				IPHONEOS_DEPLOYMENT_TARGET = 13.1;
				MTL_ENABLE_DEBUG_INFO = INCLUDE_SOURCE;
				MTL_FAST_MATH = YES;
				ONLY_ACTIVE_ARCH = YES;
				SDKROOT = iphoneos;
				SWIFT_ACTIVE_COMPILATION_CONDITIONS = DEBUG;
				SWIFT_OPTIMIZATION_LEVEL = "-Onone";
			};
			name = Debug;
		};
		C1224C7E23660E30007CDE22 /* Release */ = {
			isa = XCBuildConfiguration;
			buildSettings = {
				ALWAYS_SEARCH_USER_PATHS = NO;
				CLANG_ANALYZER_NONNULL = YES;
				CLANG_ANALYZER_NUMBER_OBJECT_CONVERSION = YES_AGGRESSIVE;
				CLANG_CXX_LANGUAGE_STANDARD = "gnu++14";
				CLANG_CXX_LIBRARY = "libc++";
				CLANG_ENABLE_MODULES = YES;
				CLANG_ENABLE_OBJC_ARC = YES;
				CLANG_ENABLE_OBJC_WEAK = YES;
				CLANG_WARN_BLOCK_CAPTURE_AUTORELEASING = YES;
				CLANG_WARN_BOOL_CONVERSION = YES;
				CLANG_WARN_COMMA = YES;
				CLANG_WARN_CONSTANT_CONVERSION = YES;
				CLANG_WARN_DEPRECATED_OBJC_IMPLEMENTATIONS = YES;
				CLANG_WARN_DIRECT_OBJC_ISA_USAGE = YES_ERROR;
				CLANG_WARN_DOCUMENTATION_COMMENTS = YES;
				CLANG_WARN_EMPTY_BODY = YES;
				CLANG_WARN_ENUM_CONVERSION = YES;
				CLANG_WARN_INFINITE_RECURSION = YES;
				CLANG_WARN_INT_CONVERSION = YES;
				CLANG_WARN_NON_LITERAL_NULL_CONVERSION = YES;
				CLANG_WARN_OBJC_IMPLICIT_RETAIN_SELF = YES;
				CLANG_WARN_OBJC_LITERAL_CONVERSION = YES;
				CLANG_WARN_OBJC_ROOT_CLASS = YES_ERROR;
				CLANG_WARN_RANGE_LOOP_ANALYSIS = YES;
				CLANG_WARN_STRICT_PROTOTYPES = YES;
				CLANG_WARN_SUSPICIOUS_MOVE = YES;
				CLANG_WARN_UNGUARDED_AVAILABILITY = YES_AGGRESSIVE;
				CLANG_WARN_UNREACHABLE_CODE = YES;
				CLANG_WARN__DUPLICATE_METHOD_MATCH = YES;
				COPY_PHASE_STRIP = NO;
				DEBUG_INFORMATION_FORMAT = "dwarf-with-dsym";
				ENABLE_NS_ASSERTIONS = NO;
				ENABLE_STRICT_OBJC_MSGSEND = YES;
				GCC_C_LANGUAGE_STANDARD = gnu11;
				GCC_NO_COMMON_BLOCKS = YES;
				GCC_WARN_64_TO_32_BIT_CONVERSION = YES;
				GCC_WARN_ABOUT_RETURN_TYPE = YES_ERROR;
				GCC_WARN_UNDECLARED_SELECTOR = YES;
				GCC_WARN_UNINITIALIZED_AUTOS = YES_AGGRESSIVE;
				GCC_WARN_UNUSED_FUNCTION = YES;
				GCC_WARN_UNUSED_VARIABLE = YES;
				IPHONEOS_DEPLOYMENT_TARGET = 13.1;
				MTL_ENABLE_DEBUG_INFO = NO;
				MTL_FAST_MATH = YES;
				SDKROOT = iphoneos;
				SWIFT_COMPILATION_MODE = wholemodule;
				SWIFT_OPTIMIZATION_LEVEL = "-O";
				VALIDATE_PRODUCT = YES;
			};
			name = Release;
		};
		C1224C8023660E30007CDE22 /* Debug */ = {
			isa = XCBuildConfiguration;
			buildSettings = {
				ASSETCATALOG_COMPILER_APPICON_NAME = AppIcon;
				CODE_SIGN_STYLE = Automatic;
				DEVELOPMENT_ASSET_PATHS = "\"iDine/Preview Content\"";
				ENABLE_PREVIEWS = YES;
				INFOPLIST_FILE = iDine/Info.plist;
				LD_RUNPATH_SEARCH_PATHS = (
					"$(inherited)",
					"@executable_path/Frameworks",
				);
				PRODUCT_BUNDLE_IDENTIFIER = Home.iDine;
				PRODUCT_NAME = "$(TARGET_NAME)";
				SWIFT_VERSION = 5.0;
				TARGETED_DEVICE_FAMILY = "1,2";
			};
			name = Debug;
		};
		C1224C8123660E30007CDE22 /* Release */ = {
			isa = XCBuildConfiguration;
			buildSettings = {
				ASSETCATALOG_COMPILER_APPICON_NAME = AppIcon;
				CODE_SIGN_STYLE = Automatic;
				DEVELOPMENT_ASSET_PATHS = "\"iDine/Preview Content\"";
				ENABLE_PREVIEWS = YES;
				INFOPLIST_FILE = iDine/Info.plist;
				LD_RUNPATH_SEARCH_PATHS = (
					"$(inherited)",
					"@executable_path/Frameworks",
				);
				PRODUCT_BUNDLE_IDENTIFIER = Home.iDine;
				PRODUCT_NAME = "$(TARGET_NAME)";
				SWIFT_VERSION = 5.0;
				TARGETED_DEVICE_FAMILY = "1,2";
			};
			name = Release;
		};
		C1224C8323660E30007CDE22 /* Debug */ = {
			isa = XCBuildConfiguration;
			buildSettings = {
				ALWAYS_EMBED_SWIFT_STANDARD_LIBRARIES = YES;
				BUNDLE_LOADER = "$(TEST_HOST)";
				CODE_SIGN_STYLE = Automatic;
				INFOPLIST_FILE = iDineTests/Info.plist;
				IPHONEOS_DEPLOYMENT_TARGET = 13.1;
				LD_RUNPATH_SEARCH_PATHS = (
					"$(inherited)",
					"@executable_path/Frameworks",
					"@loader_path/Frameworks",
				);
				PRODUCT_BUNDLE_IDENTIFIER = Home.iDineTests;
				PRODUCT_NAME = "$(TARGET_NAME)";
				SWIFT_VERSION = 5.0;
				TARGETED_DEVICE_FAMILY = "1,2";
				TEST_HOST = "$(BUILT_PRODUCTS_DIR)/iDine.app/iDine";
			};
			name = Debug;
		};
		C1224C8423660E30007CDE22 /* Release */ = {
			isa = XCBuildConfiguration;
			buildSettings = {
				ALWAYS_EMBED_SWIFT_STANDARD_LIBRARIES = YES;
				BUNDLE_LOADER = "$(TEST_HOST)";
				CODE_SIGN_STYLE = Automatic;
				INFOPLIST_FILE = iDineTests/Info.plist;
				IPHONEOS_DEPLOYMENT_TARGET = 13.1;
				LD_RUNPATH_SEARCH_PATHS = (
					"$(inherited)",
					"@executable_path/Frameworks",
					"@loader_path/Frameworks",
				);
				PRODUCT_BUNDLE_IDENTIFIER = Home.iDineTests;
				PRODUCT_NAME = "$(TARGET_NAME)";
				SWIFT_VERSION = 5.0;
				TARGETED_DEVICE_FAMILY = "1,2";
				TEST_HOST = "$(BUILT_PRODUCTS_DIR)/iDine.app/iDine";
			};
			name = Release;
		};
		C1224C8623660E30007CDE22 /* Debug */ = {
			isa = XCBuildConfiguration;
			buildSettings = {
				ALWAYS_EMBED_SWIFT_STANDARD_LIBRARIES = YES;
				CODE_SIGN_STYLE = Automatic;
				INFOPLIST_FILE = iDineUITests/Info.plist;
				LD_RUNPATH_SEARCH_PATHS = (
					"$(inherited)",
					"@executable_path/Frameworks",
					"@loader_path/Frameworks",
				);
				PRODUCT_BUNDLE_IDENTIFIER = Home.iDineUITests;
				PRODUCT_NAME = "$(TARGET_NAME)";
				SWIFT_VERSION = 5.0;
				TARGETED_DEVICE_FAMILY = "1,2";
				TEST_TARGET_NAME = iDine;
			};
			name = Debug;
		};
		C1224C8723660E30007CDE22 /* Release */ = {
			isa = XCBuildConfiguration;
			buildSettings = {
				ALWAYS_EMBED_SWIFT_STANDARD_LIBRARIES = YES;
				CODE_SIGN_STYLE = Automatic;
				INFOPLIST_FILE = iDineUITests/Info.plist;
				LD_RUNPATH_SEARCH_PATHS = (
					"$(inherited)",
					"@executable_path/Frameworks",
					"@loader_path/Frameworks",
				);
				PRODUCT_BUNDLE_IDENTIFIER = Home.iDineUITests;
				PRODUCT_NAME = "$(TARGET_NAME)";
				SWIFT_VERSION = 5.0;
				TARGETED_DEVICE_FAMILY = "1,2";
				TEST_TARGET_NAME = iDine;
			};
			name = Release;
		};
/* End XCBuildConfiguration section */

/* Begin XCConfigurationList section */
		C1224C5023660E0D007CDE22 /* Build configuration list for PBXProject "iDine" */ = {
			isa = XCConfigurationList;
			buildConfigurations = (
				C1224C7D23660E30007CDE22 /* Debug */,
				C1224C7E23660E30007CDE22 /* Release */,
			);
			defaultConfigurationIsVisible = 0;
			defaultConfigurationName = Release;
		};
		C1224C7F23660E30007CDE22 /* Build configuration list for PBXNativeTarget "iDine" */ = {
			isa = XCConfigurationList;
			buildConfigurations = (
				C1224C8023660E30007CDE22 /* Debug */,
				C1224C8123660E30007CDE22 /* Release */,
			);
			defaultConfigurationIsVisible = 0;
			defaultConfigurationName = Release;
		};
		C1224C8223660E30007CDE22 /* Build configuration list for PBXNativeTarget "iDineTests" */ = {
			isa = XCConfigurationList;
			buildConfigurations = (
				C1224C8323660E30007CDE22 /* Debug */,
				C1224C8423660E30007CDE22 /* Release */,
			);
			defaultConfigurationIsVisible = 0;
			defaultConfigurationName = Release;
		};
		C1224C8523660E30007CDE22 /* Build configuration list for PBXNativeTarget "iDineUITests" */ = {
			isa = XCConfigurationList;
			buildConfigurations = (
				C1224C8623660E30007CDE22 /* Debug */,
				C1224C8723660E30007CDE22 /* Release */,
			);
			defaultConfigurationIsVisible = 0;
			defaultConfigurationName = Release;
		};
/* End XCConfigurationList section */
	};
	rootObject = C1224C4D23660E0D007CDE22 /* Project object */;
}
